<?xml version="1.0" encoding="utf-8"?>
<Project ToolsVersion="4.0" xmlns="http://schemas.microsoft.com/developer/msbuild/2003">
  <ItemGroup>
    <Filter Include="Source Files">
      <UniqueIdentifier>{4FC737F1-C7A5-4376-A066-2A32D752A2FF}</UniqueIdentifier>
      <Extensions>qml;cpp;c;cc;cxx;def;odl;idl;hpj;bat;asm;asmx</Extensions>
    </Filter>
    <Filter Include="Header Files">
      <UniqueIdentifier>{93995380-89BD-4b04-88EB-625FBE52EBFB}</UniqueIdentifier>
      <Extensions>h;hh;hpp;hxx;hm;inl;inc;xsd</Extensions>
    </Filter>
    <Filter Include="Resource Files">
      <UniqueIdentifier>{67DA6AB6-F800-4c08-8B7A-83BB121AAD01}</UniqueIdentifier>
      <Extensions>qrc;rc;ico;cur;bmp;dlg;rc2;rct;bin;rgs;gif;jpg;jpeg;jpe;resx;tiff;tif;png;wav;mfcribbon-ms</Extensions>
    </Filter>
    <Filter Include="Form Files">
      <UniqueIdentifier>{99349809-55BA-4b9d-BF79-8FDBB0286EB3}</UniqueIdentifier>
      <Extensions>ui</Extensions>
    </Filter>
    <Filter Include="Translation Files">
      <UniqueIdentifier>{639EADAA-A684-42e4-A9AD-28FC9BCB8F7C}</UniqueIdentifier>
      <Extensions>ts</Extensions>
    </Filter>
  </ItemGroup>
  <ItemGroup>
    <ClCompile Include="main.cpp">
      <Filter>Source Files</Filter>
    </ClCompile>
    <ClCompile Include="occwin.cpp">
      <Filter>Source Files</Filter>
    </ClCompile>
    <ClCompile Include="drawobj.cpp">
      <Filter>Source Files</Filter>
    </ClCompile>
    <ClCompile Include="occModel.cpp">
      <Filter>Source Files</Filter>
    </ClCompile>
    <ClCompile Include="occview.cpp">
      <Filter>Source Files</Filter>
    </ClCompile>
    <ClCompile Include="SelectDialog.cpp">
      <Filter>Source Files</Filter>
    </ClCompile>
    <ClCompile Include="selectobj.cpp">
      <Filter>Source Files</Filter>
    </ClCompile>
    <ClCompile Include="ReadModelDialog.cpp">
      <Filter>Source Files</Filter>
    </ClCompile>
    <ClCompile Include="OCCMainWindow.cpp">
      <Filter>Source Files</Filter>
    </ClCompile>
    <ClCompile Include="FeatureCurve.cpp">
      <Filter>Source Files</Filter>
    </ClCompile>
    <ClCompile Include="globalFunc.cpp">
      <Filter>Source Files</Filter>
    </ClCompile>
    <ClCompile Include="iMSO_NURBS.cpp">
      <Filter>Source Files</Filter>
    </ClCompile>
    <ClCompile Include="XIOStream.cpp">
      <Filter>Source Files</Filter>
    </ClCompile>
    <ClCompile Include="Str.cpp">
      <Filter>Source Files</Filter>
    </ClCompile>
    <ClCompile Include="occTest.cpp">
      <Filter>Source Files</Filter>
    </ClCompile>
  </ItemGroup>
  <ItemGroup>
    <QtMoc Include="occwin.h">
      <Filter>Header Files</Filter>
    </QtMoc>
    <QtMoc Include="occview.h">
      <Filter>Header Files</Filter>
    </QtMoc>
    <QtMoc Include="SelectDialog.h">
      <Filter>Header Files</Filter>
    </QtMoc>
    <QtMoc Include="ReadModelDialog.h">
      <Filter>Header Files</Filter>
    </QtMoc>
    <QtMoc Include="OCCMainWindow.h">
      <Filter>Header Files</Filter>
    </QtMoc>
  </ItemGroup>
  <ItemGroup>
    <ClInclude Include="selectobj.h">
      <Filter>Header Files</Filter>
    </ClInclude>
    <ClInclude Include="occModel.h">
      <Filter>Header Files</Filter>
    </ClInclude>
    <ClInclude Include="drawobj.h">
      <Filter>Header Files</Filter>
    </ClInclude>
    <ClInclude Include="globalFunc.h">
      <Filter>Header Files</Filter>
    </ClInclude>
    <ClInclude Include="stdafx.h">
      <Filter>Header Files</Filter>
    </ClInclude>
    <ClInclude Include="targetver.h">
      <Filter>Header Files</Filter>
    </ClInclude>
    <ClInclude Include="threadStruct.h">
      <Filter>Header Files</Filter>
    </ClInclude>
    <ClInclude Include="varray.h">
      <Filter>Header Files</Filter>
    </ClInclude>
    <ClInclude Include="XVec.h">
      <Filter>Header Files</Filter>
    </ClInclude>
    <ClInclude Include="FeatureCurve.h">
      <Filter>Header Files</Filter>
    </ClInclude>
    <ClInclude Include="iMSO_NURBS.h">
      <Filter>Header Files</Filter>
    </ClInclude>
    <ClInclude Include="pointXd.h">
      <Filter>Header Files</Filter>
    </ClInclude>
    <ClInclude Include="XIOStream.h">
      <Filter>Header Files</Filter>
    </ClInclude>
    <ClInclude Include="Str.h">
      <Filter>Header Files</Filter>
    </ClInclude>
    <ClInclude Include="occTest.h">
      <Filter>Header Files</Filter>
    </ClInclude>
  </ItemGroup>
  <ItemGroup>
    <QtUic Include="occwin.ui">
      <Filter>Form Files</Filter>
    </QtUic>
    <QtUic Include="occview.ui">
      <Filter>Form Files</Filter>
    </QtUic>
    <QtUic Include="SelectDialog.ui">
      <Filter>Form Files</Filter>
    </QtUic>
    <QtUic Include="ReadModelDialog.ui">
      <Filter>Form Files</Filter>
    </QtUic>
    <QtUic Include="OCCMainWindow.ui">
      <Filter>Form Files</Filter>
    </QtUic>
  </ItemGroup>
</Project>